PackratFormat: 1.4
PackratVersion: 0.4.6.1
RVersion: 3.2.3
Repos: CRAN=http://cran.rstudio.com

Package: BH
Source: CRAN
Version: 1.58.0-1
Hash: 4f6db3b5311bb006f536a2e67278d058

Package: DBI
Source: CRAN
Version: 0.3.1
Hash: 096699d1ac1cf530acfc646a0c90ee5d

Package: DT
Source: github
Version: 0.1.40
Hash: fb12e4b603d9bd742e18bbb92a8d7a46
Requires: htmltools, htmlwidgets, magrittr
GithubRepo: DT
GithubUsername: rstudio
GithubRef: master
GithubSha1: 7820e9e35bb8286a9c86257dd0210b83d1d6257c

Package: PKI
Source: CRAN
Version: 0.1-3
Hash: aca3e459c659b6d8266538520f72ba19
Requires: base64enc

Package: R6
Source: CRAN
Version: 2.1.1
Hash: 20a88b2c9c84aecff2702789a4d102f5

Package: RColorBrewer
Source: CRAN
Version: 1.1-2
Hash: c0d56cd15034f395874c870141870c25

Package: RCurl
Source: CRAN
Version: 1.95-4.7
Hash: 7756ed9df5d79ca87bc9e93f85d89b87
Requires: bitops

Package: RJSONIO
Source: CRAN
Version: 1.3-0
Hash: fb672e20eb6f3010a3639f855d8ef6de

Package: Rcpp
Source: CRAN
Version: 0.12.2
Hash: 1928c2b7372e3f033217335f3fad25a3

Package: ShinyDash
Source: github
Version: 0.0.1
Hash: e494ecb185e5d7c82de4f87c66678bfc
Requires: XML, httr, shiny
GithubRepo: ShinyDash
GithubUsername: trestletech
GithubRef: master
GithubSha1: daffe35efdb89faede163832378aca5c88ad1a6c

Package: XML
Source: CRAN
Version: 3.98-1.3
Hash: 689166755239c3300769ca2d600381c6

Package: assertthat
Source: CRAN
Version: 0.1
Hash: 0afb92b59b02593c70ff8046700ba9d3

Package: base64enc
Source: CRAN
Version: 0.1-3
Hash: c590d29e555926af053055e23ee79efb

Package: bitops
Source: CRAN
Version: 1.0-6
Hash: 67d0775189fd0041d95abca618c5c07e

Package: brew
Source: CRAN
Version: 1.0-6
Hash: 931f9972deae0f205e1c78a51f33149b

Package: caTools
Source: CRAN
Version: 1.17.1
Hash: 97cb6f6293cd18d17df77a6383cc6763
Requires: bitops

Package: colorspace
Source: CRAN
Version: 1.2-6
Hash: 00bb12245cd975c450cc4a960884fa15

Package: curl
Source: CRAN
Version: 0.9.4
Hash: f0845d30266233da7d910ac687a5174b

Package: devtools
Source: CRAN
Version: 1.9.1
Hash: 894e4e2f04fb749f786f15cf01181a0c
Requires: curl, digest, evaluate, git2r, httr, jsonlite, memoise,
    roxygen2, rstudioapi, rversions, whisker

Package: dichromat
Source: CRAN
Version: 2.0-0
Hash: 08eed0c80510af29bb15f840ccfe37ce

Package: digest
Source: CRAN
Version: 0.6.9
Hash: fd55d5a024f160fc001a5ece1e27782d

Package: dplyr
Source: CRAN
Version: 0.4.3
Hash: 6747c41888a187a26ac4b03789b52a06
Requires: BH, DBI, R6, Rcpp, assertthat, lazyeval, magrittr

Package: evaluate
Source: CRAN
Version: 0.8
Hash: aac00bd789bac10970b50e3b7e0cab04
Requires: stringr

Package: formatR
Source: CRAN
Version: 1.2.1
Hash: 54c730c712edd6087972ecf99bf87c55

Package: ggplot2
Source: CRAN
Version: 1.0.1
Hash: 4aff1b269135bd2cdea378f4f2f2895e
Requires: digest, gtable, plyr, proto, reshape2, scales

Package: git2r
Source: CRAN
Version: 0.12.1
Hash: 06544ee4a2e73a4346c10db447721153

Package: gtable
Source: CRAN
Version: 0.1.2
Hash: 38a0f066373a60824cd3ade2362af363

Package: gtools
Source: CRAN
Version: 3.5.0
Hash: 471b2e2452dfb30fdc1dd6f1b567925a

Package: highr
Source: CRAN
Version: 0.5.1
Hash: 114ef5abcf58bebbf6ac083b9cacbbd8

Package: htmltools
Source: CRAN
Version: 0.3
Hash: 7ccc01f4d22d73d0d9b0d2a7781e7ff6
Requires: digest

Package: htmlwidgets
Source: CRAN
Version: 0.5
Hash: 0aa33e8666baac6fcff4e376789b9c2e
Requires: htmltools, jsonlite, yaml

Package: httpuv
Source: CRAN
Version: 1.3.3
Hash: ad41c96192683a69d291a45192ec8e2b
Requires: Rcpp

Package: httr
Source: CRAN
Version: 1.0.0
Hash: 165c156aaf69073f9a1f8a4211c626d9
Requires: R6, curl, digest, jsonlite, mime, stringr

Package: jsonlite
Source: CRAN
Version: 0.9.19
Hash: 4a983f753b6e88ae0f5a6ac152d8cc32

Package: knitr
Source: CRAN
Version: 1.11
Hash: 0a6d1006425040af05e29504af948535
Requires: digest, evaluate, formatR, highr, markdown, stringr, yaml

Package: labeling
Source: CRAN
Version: 0.3
Hash: ecf589b42cd284b03a4beb9665482d3e

Package: lazyeval
Source: CRAN
Version: 0.1.10
Hash: 9679f1ac7f6bc07bc79755f34cd15e1f

Package: leaflet
Source: CRAN
Version: 1.0.0
Hash: 0176fa1090fd0c02de837564c02eb7df
Requires: RColorBrewer, base64enc, htmltools, htmlwidgets, magrittr,
    markdown, png, raster, scales, sp

Package: magrittr
Source: CRAN
Version: 1.5
Hash: bdc4d48c3135e8f3b399536ddf160df4

Package: markdown
Source: CRAN
Version: 0.7.7
Hash: fea2343a1119d61b0cc5c0a950d103a3
Requires: mime

Package: memoise
Source: CRAN
Version: 0.2.1
Hash: 812e6a1dd77a0ca4da41f3239de8e447
Requires: digest

Package: mime
Source: CRAN
Version: 0.4
Hash: b08c52dae92a0a11e64a4deea032ec33

Package: munsell
Source: CRAN
Version: 0.4.2
Hash: 72d343a6664778029f49a7ad36de1cab
Requires: colorspace

Package: packrat
Source: CRAN
Version: 0.4.6-1
Hash: 29eacc43b096c5b1a82c8d54a49b030b

Package: plyr
Source: CRAN
Version: 1.8.3
Hash: 5cf4672c5940e265f2602d5d806d303d
Requires: Rcpp

Package: png
Source: CRAN
Version: 0.1-7
Hash: 421d7d6e0fb4bd885ecbd909b6456b8b

Package: proto
Source: CRAN
Version: 0.3-10
Hash: 05d7ad64db29a39d1b02c4b9f1f4edb2

Package: raster
Source: CRAN
Version: 2.4-20
Hash: e1889a0d09a4ad457de35c3c8d17f2d7
Requires: Rcpp, sp

Package: reshape2
Source: CRAN
Version: 1.4.1
Hash: 193899598711fc9776f383bbdf266118
Requires: Rcpp, plyr, stringr

Package: rmarkdown
Source: CRAN
Version: 0.8.1
Hash: 13ce5c86c765918f857c602d97d1ffb9
Requires: caTools, htmltools, knitr, yaml

Package: roxygen2
Source: CRAN
Version: 5.0.1
Hash: 764de5dbf10bcd671fde95798bf96112
Requires: Rcpp, brew, digest, stringi, stringr

Package: rsconnect
Source: github
Version: 0.4.1.4
Hash: c543adf37e793ee02edc48ad2f9c4dee
Requires: PKI, RCurl, RJSONIO, digest, packrat, rstudioapi, yaml
GithubRepo: rsconnect
GithubUsername: rstudio
GithubRef: v0.99
GithubSha1: fcac892a69817febd7b655b189bf57193260cda0

Package: rstudioapi
Source: CRAN
Version: 0.4.0
Hash: 1daee7a586b46f99ab9114668aa05cc7

Package: rversions
Source: CRAN
Version: 1.0.2
Hash: c006a9eaa80a091dcd87bb4003887b12
Requires: curl, xml2

Package: scales
Source: CRAN
Version: 0.3.0
Hash: 323f8f5a7f2823f19bd3fd3c15fc196a
Requires: RColorBrewer, Rcpp, dichromat, labeling, munsell, plyr

Package: shiny
Source: CRAN
Version: 0.12.2
Hash: 31cd1fe3028ac7ef846adacf8ed5bfd2
Requires: R6, digest, htmltools, httpuv, jsonlite, mime, xtable

Package: shinyapps
Source: github
Version: 0.4.1.8
Hash: f38f9648e454c6c6cc460c9d13b1cd2c
Requires: PKI, RCurl, RJSONIO, digest, packrat, rstudioapi, yaml
GithubRepo: shinyapps
GithubUsername: rstudio
GithubRef: master
GithubSha1: 4dd3a9d6a9afc1314afc03298cb37c7d9917d9a0

Package: sp
Source: CRAN
Version: 1.2-1
Hash: ecc445b1785d42c5cb3f4d687a121bea

Package: stringi
Source: CRAN
Version: 1.0-1
Hash: cf342bc407bd5daec77ed1009d5244e1

Package: stringr
Source: CRAN
Version: 1.0.0
Hash: 2676dd5f88890910962b733b0f9540e1
Requires: magrittr, stringi

Package: whisker
Source: CRAN
Version: 0.3-2
Hash: 803d662762e532705c2c066a82d066e7

Package: xml2
Source: CRAN
Version: 0.1.2
Hash: d3a4a61753f1ebf32548bdd9ab709c4b
Requires: BH, Rcpp

Package: xtable
Source: CRAN
Version: 1.8-0
Hash: 3816a222bb6837b3344d230b54b4c3cc

Package: yaml
Source: CRAN
Version: 2.1.13
Hash: 4854ccabebc225e8a7309fb4a74980de
